
Microsoft Visual Studio Solution File, Format Version 12.00
# Visual Studio Version 17
VisualStudioVersion = 17.6.33723.286
MinimumVisualStudioVersion = 10.0.40219.1
Project("{FAE04EC0-301F-11D3-BF4B-00C04F79EFBC}") = "ConsoleAppTestDB", "ConsoleAppTestDB\ConsoleAppTestDB.csproj", "{DF8F5623-3CF4-4408-A375-C59298D621AB}"
EndProject
Global
	GlobalSection(SolutionConfigurationPlatforms) = preSolution
		Debug|Any CPU = Debug|Any CPU
		Release|Any CPU = Release|Any CPU
	EndGlobalSection
	GlobalSection(ProjectConfigurationPlatforms) = postSolution
		{DF8F5623-3CF4-4408-A375-C59298D621AB}.Debug|Any CPU.ActiveCfg = Debug|Any CPU
		{DF8F5623-3CF4-4408-A375-C59298D621AB}.Debug|Any CPU.Build.0 = Debug|Any CPU
		{DF8F5623-3CF4-4408-A375-C59298D621AB}.Release|Any CPU.ActiveCfg = Release|Any CPU
		{DF8F5623-3CF4-4408-A375-C59298D621AB}.Release|Any CPU.Build.0 = Release|Any CPU
	EndGlobalSection
	GlobalSection(SolutionProperties) = preSolution
		HideSolutionNode = FALSE
	EndGlobalSection
	GlobalSection(ExtensibilityGlobals) = postSolution
		SolutionGuid = {F796875B-7D00-4F07-8771-DBA89B212EF2}
	EndGlobalSection
EndGlobal
